
Microsoft Visual Studio Solution File, Format Version 12.00
# Visual Studio Version 16
VisualStudioVersion = 16.0.31321.278
MinimumVisualStudioVersion = 10.0.40219.1
Project("{FAE04EC0-301F-11D3-BF4B-00C04F79EFBC}") = "UTC", "UTC\UTC.csproj", "{46707C92-474D-4D5C-83B3-A7B5BD748858}"
EndProject
Global
	GlobalSection(SolutionConfigurationPlatforms) = preSolution
		Debug|Any CPU = Debug|Any CPU
		Release|Any CPU = Release|Any CPU
	EndGlobalSection
	GlobalSection(ProjectConfigurationPlatforms) = postSolution
		{46707C92-474D-4D5C-83B3-A7B5BD748858}.Debug|Any CPU.ActiveCfg = Debug|Any CPU
		{46707C92-474D-4D5C-83B3-A7B5BD748858}.Debug|Any CPU.Build.0 = Debug|Any CPU
		{46707C92-474D-4D5C-83B3-A7B5BD748858}.Release|Any CPU.ActiveCfg = Release|Any CPU
		{46707C92-474D-4D5C-83B3-A7B5BD748858}.Release|Any CPU.Build.0 = Release|Any CPU
	EndGlobalSection
	GlobalSection(SolutionProperties) = preSolution
		HideSolutionNode = FALSE
	EndGlobalSection
	GlobalSection(ExtensibilityGlobals) = postSolution
		SolutionGuid = {A406DEB1-97D7-48D7-B8B7-A27E5B753074}
	EndGlobalSection
EndGlobal
